// !$*UTF8*$!
{
   archiveVersion = "1";
   objectVersion = "46";
   objects = {
      "KeyboardToolbox::EnglishKeyboardKit" = {
         isa = "PBXNativeTarget";
         buildConfigurationList = "OBJ_76";
         buildPhases = (
            "OBJ_79",
            "OBJ_90"
         );
         dependencies = (
            "OBJ_92"
         );
         name = "EnglishKeyboardKit";
         productName = "EnglishKeyboardKit";
         productReference = "KeyboardToolbox::EnglishKeyboardKit::Product";
         productType = "com.apple.product-type.framework";
      };
      "KeyboardToolbox::EnglishKeyboardKit::Product" = {
         isa = "PBXFileReference";
         path = "EnglishKeyboardKit.framework";
         sourceTree = "BUILT_PRODUCTS_DIR";
      };
      "KeyboardToolbox::KeyboardCore" = {
         isa = "PBXNativeTarget";
         buildConfigurationList = "OBJ_94";
         buildPhases = (
            "OBJ_97",
            "OBJ_127"
         );
         dependencies = (
         );
         name = "KeyboardCore";
         productName = "KeyboardCore";
         productReference = "KeyboardToolbox::KeyboardCore::Product";
         productType = "com.apple.product-type.framework";
      };
      "KeyboardToolbox::KeyboardCore::Product" = {
         isa = "PBXFileReference";
         path = "KeyboardCore.framework";
         sourceTree = "BUILT_PRODUCTS_DIR";
      };
      "KeyboardToolbox::KeyboardToolbox::ProductTarget" = {
         isa = "PBXAggregateTarget";
         buildConfigurationList = "OBJ_129";
         buildPhases = (
         );
         dependencies = (
            "OBJ_132"
         );
         name = "KeyboardToolbox";
         productName = "KeyboardToolbox";
      };
      "KeyboardToolbox::KeyboardToolboxPackageTests::ProductTarget" = {
         isa = "PBXAggregateTarget";
         buildConfigurationList = "OBJ_140";
         buildPhases = (
         );
         dependencies = (
            "OBJ_143"
         );
         name = "KeyboardToolboxPackageTests";
         productName = "KeyboardToolboxPackageTests";
      };
      "KeyboardToolbox::KeyboardToolboxTests" = {
         isa = "PBXNativeTarget";
         buildConfigurationList = "OBJ_145";
         buildPhases = (
            "OBJ_148",
            "OBJ_150"
         );
         dependencies = (
            "OBJ_152"
         );
         name = "KeyboardToolboxTests";
         productName = "KeyboardToolboxTests";
         productReference = "KeyboardToolbox::KeyboardToolboxTests::Product";
         productType = "com.apple.product-type.bundle.unit-test";
      };
      "KeyboardToolbox::KeyboardToolboxTests::Product" = {
         isa = "PBXFileReference";
         path = "KeyboardToolboxTests.xctest";
         sourceTree = "BUILT_PRODUCTS_DIR";
      };
      "KeyboardToolbox::SwiftPMPackageDescription" = {
         isa = "PBXNativeTarget";
         buildConfigurationList = "OBJ_134";
         buildPhases = (
            "OBJ_137"
         );
         dependencies = (
         );
         name = "KeyboardToolboxPackageDescription";
         productName = "KeyboardToolboxPackageDescription";
         productType = "com.apple.product-type.framework";
      };
      "OBJ_1" = {
         isa = "PBXProject";
         attributes = {
            LastSwiftMigration = "9999";
            LastUpgradeCheck = "9999";
         };
         buildConfigurationList = "OBJ_2";
         compatibilityVersion = "Xcode 3.2";
         developmentRegion = "en";
         hasScannedForEncodings = "0";
         knownRegions = (
            "en"
         );
         mainGroup = "OBJ_5";
         productRefGroup = "OBJ_67";
         projectDirPath = ".";
         targets = (
            "KeyboardToolbox::EnglishKeyboardKit",
            "KeyboardToolbox::KeyboardCore",
            "KeyboardToolbox::KeyboardToolbox::ProductTarget",
            "KeyboardToolbox::SwiftPMPackageDescription",
            "KeyboardToolbox::KeyboardToolboxPackageTests::ProductTarget",
            "KeyboardToolbox::KeyboardToolboxTests"
         );
      };
      "OBJ_10" = {
         isa = "PBXFileReference";
         path = "EnglishKeyboardInputController.swift";
         sourceTree = "<group>";
      };
      "OBJ_100" = {
         isa = "PBXBuildFile";
         fileRef = "OBJ_29";
      };
      "OBJ_101" = {
         isa = "PBXBuildFile";
         fileRef = "OBJ_31";
      };
      "OBJ_102" = {
         isa = "PBXBuildFile";
         fileRef = "OBJ_32";
      };
      "OBJ_103" = {
         isa = "PBXBuildFile";
         fileRef = "OBJ_34";
      };
      "OBJ_104" = {
         isa = "PBXBuildFile";
         fileRef = "OBJ_35";
      };
      "OBJ_105" = {
         isa = "PBXBuildFile";
         fileRef = "OBJ_37";
      };
      "OBJ_106" = {
         isa = "PBXBuildFile";
         fileRef = "OBJ_38";
      };
      "OBJ_107" = {
         isa = "PBXBuildFile";
         fileRef = "OBJ_40";
      };
      "OBJ_108" = {
         isa = "PBXBuildFile";
         fileRef = "OBJ_41";
      };
      "OBJ_109" = {
         isa = "PBXBuildFile";
         fileRef = "OBJ_42";
      };
      "OBJ_11" = {
         isa = "PBXGroup";
         children = (
            "OBJ_12"
         );
         name = "DataSource";
         path = "DataSource";
         sourceTree = "<group>";
      };
      "OBJ_110" = {
         isa = "PBXBuildFile";
         fileRef = "OBJ_43";
      };
      "OBJ_111" = {
         isa = "PBXBuildFile";
         fileRef = "OBJ_44";
      };
      "OBJ_112" = {
         isa = "PBXBuildFile";
         fileRef = "OBJ_45";
      };
      "OBJ_113" = {
         isa = "PBXBuildFile";
         fileRef = "OBJ_47";
      };
      "OBJ_114" = {
         isa = "PBXBuildFile";
         fileRef = "OBJ_48";
      };
      "OBJ_115" = {
         isa = "PBXBuildFile";
         fileRef = "OBJ_49";
      };
      "OBJ_116" = {
         isa = "PBXBuildFile";
         fileRef = "OBJ_50";
      };
      "OBJ_117" = {
         isa = "PBXBuildFile";
         fileRef = "OBJ_53";
      };
      "OBJ_118" = {
         isa = "PBXBuildFile";
         fileRef = "OBJ_54";
      };
      "OBJ_119" = {
         isa = "PBXBuildFile";
         fileRef = "OBJ_55";
      };
      "OBJ_12" = {
         isa = "PBXFileReference";
         path = "EnglishKeyboardDataSource.swift";
         sourceTree = "<group>";
      };
      "OBJ_120" = {
         isa = "PBXBuildFile";
         fileRef = "OBJ_57";
      };
      "OBJ_121" = {
         isa = "PBXBuildFile";
         fileRef = "OBJ_58";
      };
      "OBJ_122" = {
         isa = "PBXBuildFile";
         fileRef = "OBJ_59";
      };
      "OBJ_123" = {
         isa = "PBXBuildFile";
         fileRef = "OBJ_60";
      };
      "OBJ_124" = {
         isa = "PBXBuildFile";
         fileRef = "OBJ_61";
      };
      "OBJ_125" = {
         isa = "PBXBuildFile";
         fileRef = "OBJ_62";
      };
      "OBJ_126" = {
         isa = "PBXBuildFile";
         fileRef = "OBJ_63";
      };
      "OBJ_127" = {
         isa = "PBXFrameworksBuildPhase";
         files = (
         );
      };
      "OBJ_129" = {
         isa = "XCConfigurationList";
         buildConfigurations = (
            "OBJ_130",
            "OBJ_131"
         );
         defaultConfigurationIsVisible = "0";
         defaultConfigurationName = "Release";
      };
      "OBJ_13" = {
         isa = "PBXGroup";
         children = (
            "OBJ_14",
            "OBJ_15"
         );
         name = "Layout";
         path = "Layout";
         sourceTree = "<group>";
      };
      "OBJ_130" = {
         isa = "XCBuildConfiguration";
         buildSettings = {
         };
         name = "Debug";
      };
      "OBJ_131" = {
         isa = "XCBuildConfiguration";
         buildSettings = {
         };
         name = "Release";
      };
      "OBJ_132" = {
         isa = "PBXTargetDependency";
         target = "KeyboardToolbox::KeyboardCore";
      };
      "OBJ_134" = {
         isa = "XCConfigurationList";
         buildConfigurations = (
            "OBJ_135",
            "OBJ_136"
         );
         defaultConfigurationIsVisible = "0";
         defaultConfigurationName = "Release";
      };
      "OBJ_135" = {
         isa = "XCBuildConfiguration";
         buildSettings = {
            LD = "/usr/bin/true";
            OTHER_SWIFT_FLAGS = (
               "-swift-version",
               "5",
               "-I",
               "$(TOOLCHAIN_DIR)/usr/lib/swift/pm/4_2",
               "-target",
               "x86_64-apple-macosx10.10",
               "-sdk",
               "/Applications/Xcode.app/Contents/Developer/Platforms/MacOSX.platform/Developer/SDKs/MacOSX10.15.sdk",
               "-package-description-version",
               "5.2.0"
            );
            SWIFT_VERSION = "5.0";
         };
         name = "Debug";
      };
      "OBJ_136" = {
         isa = "XCBuildConfiguration";
         buildSettings = {
            LD = "/usr/bin/true";
            OTHER_SWIFT_FLAGS = (
               "-swift-version",
               "5",
               "-I",
               "$(TOOLCHAIN_DIR)/usr/lib/swift/pm/4_2",
               "-target",
               "x86_64-apple-macosx10.10",
               "-sdk",
               "/Applications/Xcode.app/Contents/Developer/Platforms/MacOSX.platform/Developer/SDKs/MacOSX10.15.sdk",
               "-package-description-version",
               "5.2.0"
            );
            SWIFT_VERSION = "5.0";
         };
         name = "Release";
      };
      "OBJ_137" = {
         isa = "PBXSourcesBuildPhase";
         files = (
            "OBJ_138"
         );
      };
      "OBJ_138" = {
         isa = "PBXBuildFile";
         fileRef = "OBJ_6";
      };
      "OBJ_14" = {
         isa = "PBXFileReference";
         path = "EnglishKeyboardLayout.swift";
         sourceTree = "<group>";
      };
      "OBJ_140" = {
         isa = "XCConfigurationList";
         buildConfigurations = (
            "OBJ_141",
            "OBJ_142"
         );
         defaultConfigurationIsVisible = "0";
         defaultConfigurationName = "Release";
      };
      "OBJ_141" = {
         isa = "XCBuildConfiguration";
         buildSettings = {
         };
         name = "Debug";
      };
      "OBJ_142" = {
         isa = "XCBuildConfiguration";
         buildSettings = {
         };
         name = "Release";
      };
      "OBJ_143" = {
         isa = "PBXTargetDependency";
         target = "KeyboardToolbox::KeyboardToolboxTests";
      };
      "OBJ_145" = {
         isa = "XCConfigurationList";
         buildConfigurations = (
            "OBJ_146",
            "OBJ_147"
         );
         defaultConfigurationIsVisible = "0";
         defaultConfigurationName = "Release";
      };
      "OBJ_146" = {
         isa = "XCBuildConfiguration";
         buildSettings = {
            CLANG_ENABLE_MODULES = "YES";
            EMBEDDED_CONTENT_CONTAINS_SWIFT = "YES";
            FRAMEWORK_SEARCH_PATHS = (
               "$(inherited)",
               "$(PLATFORM_DIR)/Developer/Library/Frameworks"
            );
            HEADER_SEARCH_PATHS = (
               "$(inherited)"
            );
            INFOPLIST_FILE = "KeyboardToolbox.xcodeproj/KeyboardToolboxTests_Info.plist";
            IPHONEOS_DEPLOYMENT_TARGET = "13.0";
            LD_RUNPATH_SEARCH_PATHS = (
               "$(inherited)",
               "@loader_path/../Frameworks",
               "@loader_path/Frameworks"
            );
            MACOSX_DEPLOYMENT_TARGET = "10.10";
            OTHER_CFLAGS = (
               "$(inherited)"
            );
            OTHER_LDFLAGS = (
               "$(inherited)"
            );
            OTHER_SWIFT_FLAGS = (
               "$(inherited)"
            );
            SWIFT_ACTIVE_COMPILATION_CONDITIONS = (
               "$(inherited)"
            );
            SWIFT_VERSION = "5.0";
            TARGET_NAME = "KeyboardToolboxTests";
            TVOS_DEPLOYMENT_TARGET = "9.0";
            WATCHOS_DEPLOYMENT_TARGET = "2.0";
         };
         name = "Debug";
      };
      "OBJ_147" = {
         isa = "XCBuildConfiguration";
         buildSettings = {
            CLANG_ENABLE_MODULES = "YES";
            EMBEDDED_CONTENT_CONTAINS_SWIFT = "YES";
            FRAMEWORK_SEARCH_PATHS = (
               "$(inherited)",
               "$(PLATFORM_DIR)/Developer/Library/Frameworks"
            );
            HEADER_SEARCH_PATHS = (
               "$(inherited)"
            );
            INFOPLIST_FILE = "KeyboardToolbox.xcodeproj/KeyboardToolboxTests_Info.plist";
            IPHONEOS_DEPLOYMENT_TARGET = "13.0";
            LD_RUNPATH_SEARCH_PATHS = (
               "$(inherited)",
               "@loader_path/../Frameworks",
               "@loader_path/Frameworks"
            );
            MACOSX_DEPLOYMENT_TARGET = "10.10";
            OTHER_CFLAGS = (
               "$(inherited)"
            );
            OTHER_LDFLAGS = (
               "$(inherited)"
            );
            OTHER_SWIFT_FLAGS = (
               "$(inherited)"
            );
            SWIFT_ACTIVE_COMPILATION_CONDITIONS = (
               "$(inherited)"
            );
            SWIFT_VERSION = "5.0";
            TARGET_NAME = "KeyboardToolboxTests";
            TVOS_DEPLOYMENT_TARGET = "9.0";
            WATCHOS_DEPLOYMENT_TARGET = "2.0";
         };
         name = "Release";
      };
      "OBJ_148" = {
         isa = "PBXSourcesBuildPhase";
         files = (
            "OBJ_149"
         );
      };
      "OBJ_149" = {
         isa = "PBXBuildFile";
         fileRef = "OBJ_66";
      };
      "OBJ_15" = {
         isa = "PBXFileReference";
         path = "EnglishKeyboardViewLayoutSettings.swift";
         sourceTree = "<group>";
      };
      "OBJ_150" = {
         isa = "PBXFrameworksBuildPhase";
         files = (
            "OBJ_151"
         );
      };
      "OBJ_151" = {
         isa = "PBXBuildFile";
         fileRef = "KeyboardToolbox::KeyboardCore::Product";
      };
      "OBJ_152" = {
         isa = "PBXTargetDependency";
         target = "KeyboardToolbox::KeyboardCore";
      };
      "OBJ_16" = {
         isa = "PBXGroup";
         children = (
            "OBJ_17"
         );
         name = "Model";
         path = "Model";
         sourceTree = "<group>";
      };
      "OBJ_17" = {
         isa = "PBXFileReference";
         path = "EnglishKeyboard.swift";
         sourceTree = "<group>";
      };
      "OBJ_18" = {
         isa = "PBXGroup";
         children = (
            "OBJ_19",
            "OBJ_20",
            "OBJ_21"
         );
         name = "Page";
         path = "Page";
         sourceTree = "<group>";
      };
      "OBJ_19" = {
         isa = "PBXFileReference";
         path = "EnglishCharacterPage.swift";
         sourceTree = "<group>";
      };
      "OBJ_2" = {
         isa = "XCConfigurationList";
         buildConfigurations = (
            "OBJ_3",
            "OBJ_4"
         );
         defaultConfigurationIsVisible = "0";
         defaultConfigurationName = "Release";
      };
      "OBJ_20" = {
         isa = "PBXFileReference";
         path = "EnglishNumberPage.swift";
         sourceTree = "<group>";
      };
      "OBJ_21" = {
         isa = "PBXFileReference";
         path = "EnglishSymbolPage.swift";
         sourceTree = "<group>";
      };
      "OBJ_22" = {
         isa = "PBXGroup";
         children = (
            "OBJ_23"
         );
         name = "ViewController";
         path = "ViewController";
         sourceTree = "<group>";
      };
      "OBJ_23" = {
         isa = "PBXFileReference";
         path = "EnglishKeyboardViewController.swift";
         sourceTree = "<group>";
      };
      "OBJ_24" = {
         isa = "PBXFileReference";
         path = "export.swift";
         sourceTree = "<group>";
      };
      "OBJ_25" = {
         isa = "PBXGroup";
         children = (
            "OBJ_26",
            "OBJ_30",
            "OBJ_33",
            "OBJ_36",
            "OBJ_51"
         );
         name = "KeyboardCore";
         path = "Sources/KeyboardCore";
         sourceTree = "SOURCE_ROOT";
      };
      "OBJ_26" = {
         isa = "PBXGroup";
         children = (
            "OBJ_27",
            "OBJ_28",
            "OBJ_29"
         );
         name = "DataSource";
         path = "DataSource";
         sourceTree = "<group>";
      };
      "OBJ_27" = {
         isa = "PBXFileReference";
         path = "KeyboardDataSource.swift";
         sourceTree = "<group>";
      };
      "OBJ_28" = {
         isa = "PBXFileReference";
         path = "KeyboardViewDataSource.swift";
         sourceTree = "<group>";
      };
      "OBJ_29" = {
         isa = "PBXFileReference";
         path = "PageDataSource.swift";
         sourceTree = "<group>";
      };
      "OBJ_3" = {
         isa = "XCBuildConfiguration";
         buildSettings = {
            CLANG_ENABLE_OBJC_ARC = "YES";
            COMBINE_HIDPI_IMAGES = "YES";
            COPY_PHASE_STRIP = "NO";
            DEBUG_INFORMATION_FORMAT = "dwarf";
            DYLIB_INSTALL_NAME_BASE = "@rpath";
            ENABLE_NS_ASSERTIONS = "YES";
            GCC_OPTIMIZATION_LEVEL = "0";
            GCC_PREPROCESSOR_DEFINITIONS = (
               "$(inherited)",
               "SWIFT_PACKAGE=1",
               "DEBUG=1"
            );
            MACOSX_DEPLOYMENT_TARGET = "10.10";
            ONLY_ACTIVE_ARCH = "YES";
            OTHER_SWIFT_FLAGS = (
               "$(inherited)",
               "-DXcode"
            );
            PRODUCT_NAME = "$(TARGET_NAME)";
            SDKROOT = "macosx";
            SUPPORTED_PLATFORMS = (
               "macosx",
               "iphoneos",
               "iphonesimulator",
               "appletvos",
               "appletvsimulator",
               "watchos",
               "watchsimulator"
            );
            SWIFT_ACTIVE_COMPILATION_CONDITIONS = (
               "$(inherited)",
               "SWIFT_PACKAGE",
               "DEBUG"
            );
            SWIFT_OPTIMIZATION_LEVEL = "-Onone";
            USE_HEADERMAP = "NO";
         };
         name = "Debug";
      };
      "OBJ_30" = {
         isa = "PBXGroup";
         children = (
            "OBJ_31",
            "OBJ_32"
         );
         name = "Extension";
         path = "Extension";
         sourceTree = "<group>";
      };
      "OBJ_31" = {
         isa = "PBXFileReference";
         path = "SystemSoundID.swift";
         sourceTree = "<group>";
      };
      "OBJ_32" = {
         isa = "PBXFileReference";
         path = "UITextField.swift";
         sourceTree = "<group>";
      };
      "OBJ_33" = {
         isa = "PBXGroup";
         children = (
            "OBJ_34",
            "OBJ_35"
         );
         name = "Layout";
         path = "Layout";
         sourceTree = "<group>";
      };
      "OBJ_34" = {
         isa = "PBXFileReference";
         path = "KeyboardViewLayout.swift";
         sourceTree = "<group>";
      };
      "OBJ_35" = {
         isa = "PBXFileReference";
         path = "KeyboardViewLayoutSettings.swift";
         sourceTree = "<group>";
      };
      "OBJ_36" = {
         isa = "PBXGroup";
         children = (
            "OBJ_37",
            "OBJ_38",
            "OBJ_39",
            "OBJ_45",
            "OBJ_46",
            "OBJ_48",
            "OBJ_49",
            "OBJ_50"
         );
         name = "Model";
         path = "Model";
         sourceTree = "<group>";
      };
      "OBJ_37" = {
         isa = "PBXFileReference";
         path = "Key.swift";
         sourceTree = "<group>";
      };
      "OBJ_38" = {
         isa = "PBXFileReference";
         path = "KeyCode.swift";
         sourceTree = "<group>";
      };
      "OBJ_39" = {
         isa = "PBXGroup";
         children = (
            "OBJ_40",
            "OBJ_41",
            "OBJ_42",
            "OBJ_43",
            "OBJ_44"
         );
         name = "KeyCodes";
         path = "KeyCodes";
         sourceTree = "<group>";
      };
      "OBJ_4" = {
         isa = "XCBuildConfiguration";
         buildSettings = {
            CLANG_ENABLE_OBJC_ARC = "YES";
            COMBINE_HIDPI_IMAGES = "YES";
            COPY_PHASE_STRIP = "YES";
            DEBUG_INFORMATION_FORMAT = "dwarf-with-dsym";
            DYLIB_INSTALL_NAME_BASE = "@rpath";
            GCC_OPTIMIZATION_LEVEL = "s";
            GCC_PREPROCESSOR_DEFINITIONS = (
               "$(inherited)",
               "SWIFT_PACKAGE=1"
            );
            MACOSX_DEPLOYMENT_TARGET = "10.10";
            OTHER_SWIFT_FLAGS = (
               "$(inherited)",
               "-DXcode"
            );
            PRODUCT_NAME = "$(TARGET_NAME)";
            SDKROOT = "macosx";
            SUPPORTED_PLATFORMS = (
               "macosx",
               "iphoneos",
               "iphonesimulator",
               "appletvos",
               "appletvsimulator",
               "watchos",
               "watchsimulator"
            );
            SWIFT_ACTIVE_COMPILATION_CONDITIONS = (
               "$(inherited)",
               "SWIFT_PACKAGE"
            );
            SWIFT_OPTIMIZATION_LEVEL = "-Owholemodule";
            USE_HEADERMAP = "NO";
         };
         name = "Release";
      };
      "OBJ_40" = {
         isa = "PBXFileReference";
         path = "ArabicNumberKeyCode.swift";
         sourceTree = "<group>";
      };
      "OBJ_41" = {
         isa = "PBXFileReference";
         path = "KeyboardFunctionKeyCode.swift";
         sourceTree = "<group>";
      };
      "OBJ_42" = {
         isa = "PBXFileReference";
         path = "NoKeyCapKeyCode.swift";
         sourceTree = "<group>";
      };
      "OBJ_43" = {
         isa = "PBXFileReference";
         path = "QWERTYKeyCode.swift";
         sourceTree = "<group>";
      };
      "OBJ_44" = {
         isa = "PBXFileReference";
         path = "SymbolKeyCode.swift";
         sourceTree = "<group>";
      };
      "OBJ_45" = {
         isa = "PBXFileReference";
         path = "Keyboard.swift";
         sourceTree = "<group>";
      };
      "OBJ_46" = {
         isa = "PBXGroup";
         children = (
            "OBJ_47"
         );
         name = "Keys";
         path = "Keys";
         sourceTree = "<group>";
      };
      "OBJ_47" = {
         isa = "PBXFileReference";
         path = "FunctionKey.swift";
         sourceTree = "<group>";
      };
      "OBJ_48" = {
         isa = "PBXFileReference";
         path = "LanguageLayout.swift";
         sourceTree = "<group>";
      };
      "OBJ_49" = {
         isa = "PBXFileReference";
         path = "Page.swift";
         sourceTree = "<group>";
      };
      "OBJ_5" = {
         isa = "PBXGroup";
         children = (
            "OBJ_6",
            "OBJ_7",
            "OBJ_64",
            "OBJ_67",
            "OBJ_71",
            "OBJ_72",
            "OBJ_73",
            "OBJ_74"
         );
         path = "";
         sourceTree = "<group>";
      };
      "OBJ_50" = {
         isa = "PBXFileReference";
         path = "ShiftState.swift";
         sourceTree = "<group>";
      };
      "OBJ_51" = {
         isa = "PBXGroup";
         children = (
            "OBJ_52",
            "OBJ_55",
            "OBJ_56",
            "OBJ_59",
            "OBJ_60",
            "OBJ_61",
            "OBJ_62",
            "OBJ_63"
         );
         name = "View";
         path = "View";
         sourceTree = "<group>";
      };
      "OBJ_52" = {
         isa = "PBXGroup";
         children = (
            "OBJ_53",
            "OBJ_54"
         );
         name = "Delegate";
         path = "Delegate";
         sourceTree = "<group>";
      };
      "OBJ_53" = {
         isa = "PBXFileReference";
         path = "KeyboardViewDelegate.swift";
         sourceTree = "<group>";
      };
      "OBJ_54" = {
         isa = "PBXFileReference";
         path = "KeyboardViewInputDelgate.swift";
         sourceTree = "<group>";
      };
      "OBJ_55" = {
         isa = "PBXFileReference";
         path = "FunctionKeyView.swift";
         sourceTree = "<group>";
      };
      "OBJ_56" = {
         isa = "PBXGroup";
         children = (
            "OBJ_57",
            "OBJ_58"
         );
         name = "Helper";
         path = "Helper";
         sourceTree = "<group>";
      };
      "OBJ_57" = {
         isa = "PBXFileReference";
         path = "ForwardingView.swift";
         sourceTree = "<group>";
      };
      "OBJ_58" = {
         isa = "PBXFileReference";
         path = "Shapes.swift";
         sourceTree = "<group>";
      };
      "OBJ_59" = {
         isa = "PBXFileReference";
         path = "KeyPopup.swift";
         sourceTree = "<group>";
      };
      "OBJ_6" = {
         isa = "PBXFileReference";
         explicitFileType = "sourcecode.swift";
         path = "Package.swift";
         sourceTree = "<group>";
      };
      "OBJ_60" = {
         isa = "PBXFileReference";
         path = "KeyView.swift";
         sourceTree = "<group>";
      };
      "OBJ_61" = {
         isa = "PBXFileReference";
         path = "KeyboardKey.swift";
         sourceTree = "<group>";
      };
      "OBJ_62" = {
         isa = "PBXFileReference";
         path = "KeyboardView+Action.swift";
         sourceTree = "<group>";
      };
      "OBJ_63" = {
         isa = "PBXFileReference";
         path = "KeyboardView.swift";
         sourceTree = "<group>";
      };
      "OBJ_64" = {
         isa = "PBXGroup";
         children = (
            "OBJ_65"
         );
         name = "Tests";
         path = "";
         sourceTree = "SOURCE_ROOT";
      };
      "OBJ_65" = {
         isa = "PBXGroup";
         children = (
            "OBJ_66"
         );
         name = "KeyboardToolboxTests";
         path = "Tests/KeyboardToolboxTests";
         sourceTree = "SOURCE_ROOT";
      };
      "OBJ_66" = {
         isa = "PBXFileReference";
         path = "KeyboardToolboxTests.swift";
         sourceTree = "<group>";
      };
      "OBJ_67" = {
         isa = "PBXGroup";
         children = (
            "KeyboardToolbox::EnglishKeyboardKit::Product",
            "KeyboardToolbox::KeyboardToolboxTests::Product",
            "KeyboardToolbox::KeyboardCore::Product"
         );
         name = "Products";
         path = "";
         sourceTree = "BUILT_PRODUCTS_DIR";
      };
      "OBJ_7" = {
         isa = "PBXGroup";
         children = (
            "OBJ_8",
            "OBJ_25"
         );
         name = "Sources";
         path = "";
         sourceTree = "SOURCE_ROOT";
      };
      "OBJ_71" = {
         isa = "PBXFileReference";
         path = "Press";
         sourceTree = "SOURCE_ROOT";
      };
      "OBJ_72" = {
         isa = "PBXFileReference";
         path = "iOS Example";
         sourceTree = "SOURCE_ROOT";
      };
      "OBJ_73" = {
         isa = "PBXFileReference";
         path = "LICENSE";
         sourceTree = "<group>";
      };
      "OBJ_74" = {
         isa = "PBXFileReference";
         path = "README.md";
         sourceTree = "<group>";
      };
      "OBJ_76" = {
         isa = "XCConfigurationList";
         buildConfigurations = (
            "OBJ_77",
            "OBJ_78"
         );
         defaultConfigurationIsVisible = "0";
         defaultConfigurationName = "Release";
      };
      "OBJ_77" = {
         isa = "XCBuildConfiguration";
         buildSettings = {
            ENABLE_TESTABILITY = "YES";
            FRAMEWORK_SEARCH_PATHS = (
               "$(inherited)",
               "$(PLATFORM_DIR)/Developer/Library/Frameworks"
            );
            HEADER_SEARCH_PATHS = (
               "$(inherited)"
            );
            INFOPLIST_FILE = "KeyboardToolbox.xcodeproj/EnglishKeyboardKit_Info.plist";
            IPHONEOS_DEPLOYMENT_TARGET = "13.0";
            LD_RUNPATH_SEARCH_PATHS = (
               "$(inherited)",
               "$(TOOLCHAIN_DIR)/usr/lib/swift/macosx"
            );
            MACOSX_DEPLOYMENT_TARGET = "10.10";
            OTHER_CFLAGS = (
               "$(inherited)"
            );
            OTHER_LDFLAGS = (
               "$(inherited)"
            );
            OTHER_SWIFT_FLAGS = (
               "$(inherited)"
            );
            PRODUCT_BUNDLE_IDENTIFIER = "EnglishKeyboardKit";
            PRODUCT_MODULE_NAME = "$(TARGET_NAME:c99extidentifier)";
            PRODUCT_NAME = "$(TARGET_NAME:c99extidentifier)";
            SKIP_INSTALL = "YES";
            SWIFT_ACTIVE_COMPILATION_CONDITIONS = (
               "$(inherited)"
            );
            SWIFT_VERSION = "5.0";
            TARGET_NAME = "EnglishKeyboardKit";
            TVOS_DEPLOYMENT_TARGET = "9.0";
            WATCHOS_DEPLOYMENT_TARGET = "2.0";
         };
         name = "Debug";
      };
      "OBJ_78" = {
         isa = "XCBuildConfiguration";
         buildSettings = {
            ENABLE_TESTABILITY = "YES";
            FRAMEWORK_SEARCH_PATHS = (
               "$(inherited)",
               "$(PLATFORM_DIR)/Developer/Library/Frameworks"
            );
            HEADER_SEARCH_PATHS = (
               "$(inherited)"
            );
            INFOPLIST_FILE = "KeyboardToolbox.xcodeproj/EnglishKeyboardKit_Info.plist";
            IPHONEOS_DEPLOYMENT_TARGET = "13.0";
            LD_RUNPATH_SEARCH_PATHS = (
               "$(inherited)",
               "$(TOOLCHAIN_DIR)/usr/lib/swift/macosx"
            );
            MACOSX_DEPLOYMENT_TARGET = "10.10";
            OTHER_CFLAGS = (
               "$(inherited)"
            );
            OTHER_LDFLAGS = (
               "$(inherited)"
            );
            OTHER_SWIFT_FLAGS = (
               "$(inherited)"
            );
            PRODUCT_BUNDLE_IDENTIFIER = "EnglishKeyboardKit";
            PRODUCT_MODULE_NAME = "$(TARGET_NAME:c99extidentifier)";
            PRODUCT_NAME = "$(TARGET_NAME:c99extidentifier)";
            SKIP_INSTALL = "YES";
            SWIFT_ACTIVE_COMPILATION_CONDITIONS = (
               "$(inherited)"
            );
            SWIFT_VERSION = "5.0";
            TARGET_NAME = "EnglishKeyboardKit";
            TVOS_DEPLOYMENT_TARGET = "9.0";
            WATCHOS_DEPLOYMENT_TARGET = "2.0";
         };
         name = "Release";
      };
      "OBJ_79" = {
         isa = "PBXSourcesBuildPhase";
         files = (
            "OBJ_80",
            "OBJ_81",
            "OBJ_82",
            "OBJ_83",
            "OBJ_84",
            "OBJ_85",
            "OBJ_86",
            "OBJ_87",
            "OBJ_88",
            "OBJ_89"
         );
      };
      "OBJ_8" = {
         isa = "PBXGroup";
         children = (
            "OBJ_9",
            "OBJ_11",
            "OBJ_13",
            "OBJ_16",
            "OBJ_18",
            "OBJ_22",
            "OBJ_24"
         );
         name = "EnglishKeyboardKit";
         path = "Sources/EnglishKeyboardKit";
         sourceTree = "SOURCE_ROOT";
      };
      "OBJ_80" = {
         isa = "PBXBuildFile";
         fileRef = "OBJ_10";
      };
      "OBJ_81" = {
         isa = "PBXBuildFile";
         fileRef = "OBJ_12";
      };
      "OBJ_82" = {
         isa = "PBXBuildFile";
         fileRef = "OBJ_14";
      };
      "OBJ_83" = {
         isa = "PBXBuildFile";
         fileRef = "OBJ_15";
      };
      "OBJ_84" = {
         isa = "PBXBuildFile";
         fileRef = "OBJ_17";
      };
      "OBJ_85" = {
         isa = "PBXBuildFile";
         fileRef = "OBJ_19";
      };
      "OBJ_86" = {
         isa = "PBXBuildFile";
         fileRef = "OBJ_20";
      };
      "OBJ_87" = {
         isa = "PBXBuildFile";
         fileRef = "OBJ_21";
      };
      "OBJ_88" = {
         isa = "PBXBuildFile";
         fileRef = "OBJ_23";
      };
      "OBJ_89" = {
         isa = "PBXBuildFile";
         fileRef = "OBJ_24";
      };
      "OBJ_9" = {
         isa = "PBXGroup";
         children = (
            "OBJ_10"
         );
         name = "Controller";
         path = "Controller";
         sourceTree = "<group>";
      };
      "OBJ_90" = {
         isa = "PBXFrameworksBuildPhase";
         files = (
            "OBJ_91"
         );
      };
      "OBJ_91" = {
         isa = "PBXBuildFile";
         fileRef = "KeyboardToolbox::KeyboardCore::Product";
      };
      "OBJ_92" = {
         isa = "PBXTargetDependency";
         target = "KeyboardToolbox::KeyboardCore";
      };
      "OBJ_94" = {
         isa = "XCConfigurationList";
         buildConfigurations = (
            "OBJ_95",
            "OBJ_96"
         );
         defaultConfigurationIsVisible = "0";
         defaultConfigurationName = "Release";
      };
      "OBJ_95" = {
         isa = "XCBuildConfiguration";
         buildSettings = {
            ENABLE_TESTABILITY = "YES";
            FRAMEWORK_SEARCH_PATHS = (
               "$(inherited)",
               "$(PLATFORM_DIR)/Developer/Library/Frameworks"
            );
            HEADER_SEARCH_PATHS = (
               "$(inherited)"
            );
            INFOPLIST_FILE = "KeyboardToolbox.xcodeproj/KeyboardCore_Info.plist";
            IPHONEOS_DEPLOYMENT_TARGET = "13.0";
            LD_RUNPATH_SEARCH_PATHS = (
               "$(inherited)",
               "$(TOOLCHAIN_DIR)/usr/lib/swift/macosx"
            );
            MACOSX_DEPLOYMENT_TARGET = "10.10";
            OTHER_CFLAGS = (
               "$(inherited)"
            );
            OTHER_LDFLAGS = (
               "$(inherited)"
            );
            OTHER_SWIFT_FLAGS = (
               "$(inherited)"
            );
            PRODUCT_BUNDLE_IDENTIFIER = "KeyboardCore";
            PRODUCT_MODULE_NAME = "$(TARGET_NAME:c99extidentifier)";
            PRODUCT_NAME = "$(TARGET_NAME:c99extidentifier)";
            SKIP_INSTALL = "YES";
            SWIFT_ACTIVE_COMPILATION_CONDITIONS = (
               "$(inherited)"
            );
            SWIFT_VERSION = "5.0";
            TARGET_NAME = "KeyboardCore";
            TVOS_DEPLOYMENT_TARGET = "9.0";
            WATCHOS_DEPLOYMENT_TARGET = "2.0";
         };
         name = "Debug";
      };
      "OBJ_96" = {
         isa = "XCBuildConfiguration";
         buildSettings = {
            ENABLE_TESTABILITY = "YES";
            FRAMEWORK_SEARCH_PATHS = (
               "$(inherited)",
               "$(PLATFORM_DIR)/Developer/Library/Frameworks"
            );
            HEADER_SEARCH_PATHS = (
               "$(inherited)"
            );
            INFOPLIST_FILE = "KeyboardToolbox.xcodeproj/KeyboardCore_Info.plist";
            IPHONEOS_DEPLOYMENT_TARGET = "13.0";
            LD_RUNPATH_SEARCH_PATHS = (
               "$(inherited)",
               "$(TOOLCHAIN_DIR)/usr/lib/swift/macosx"
            );
            MACOSX_DEPLOYMENT_TARGET = "10.10";
            OTHER_CFLAGS = (
               "$(inherited)"
            );
            OTHER_LDFLAGS = (
               "$(inherited)"
            );
            OTHER_SWIFT_FLAGS = (
               "$(inherited)"
            );
            PRODUCT_BUNDLE_IDENTIFIER = "KeyboardCore";
            PRODUCT_MODULE_NAME = "$(TARGET_NAME:c99extidentifier)";
            PRODUCT_NAME = "$(TARGET_NAME:c99extidentifier)";
            SKIP_INSTALL = "YES";
            SWIFT_ACTIVE_COMPILATION_CONDITIONS = (
               "$(inherited)"
            );
            SWIFT_VERSION = "5.0";
            TARGET_NAME = "KeyboardCore";
            TVOS_DEPLOYMENT_TARGET = "9.0";
            WATCHOS_DEPLOYMENT_TARGET = "2.0";
         };
         name = "Release";
      };
      "OBJ_97" = {
         isa = "PBXSourcesBuildPhase";
         files = (
            "OBJ_98",
            "OBJ_99",
            "OBJ_100",
            "OBJ_101",
            "OBJ_102",
            "OBJ_103",
            "OBJ_104",
            "OBJ_105",
            "OBJ_106",
            "OBJ_107",
            "OBJ_108",
            "OBJ_109",
            "OBJ_110",
            "OBJ_111",
            "OBJ_112",
            "OBJ_113",
            "OBJ_114",
            "OBJ_115",
            "OBJ_116",
            "OBJ_117",
            "OBJ_118",
            "OBJ_119",
            "OBJ_120",
            "OBJ_121",
            "OBJ_122",
            "OBJ_123",
            "OBJ_124",
            "OBJ_125",
            "OBJ_126"
         );
      };
      "OBJ_98" = {
         isa = "PBXBuildFile";
         fileRef = "OBJ_27";
      };
      "OBJ_99" = {
         isa = "PBXBuildFile";
         fileRef = "OBJ_28";
      };
   };
   rootObject = "OBJ_1";
}
